<Solution>
  <Folder Name="/Application/">
    <Project Path="Application/DataAccess/DataAccess.csproj" />
    <Project Path="Application/DeveloperChallenge/DeveloperChallenge.csproj" />
    <Project Path="Application/HotelsAPIs/HotelsAPIs.csproj" />
  </Folder>
  <Folder Name="/Solution Items/">
    <File Path=".gitignore" />
    <File Path="ImplementationDetails.txt" />
    <File Path="Urls.txt" />
  </Folder>
  <Folder Name="/Tests/">
    <Project Path="Tests/HotelsApiIntegrationTests/HotelsApiIntegrationTests.csproj" />
    <Project Path="Tests/HotelsApiUnitTests/HotelsApiUnitTests.csproj" />
  </Folder>
</Solution>
